
Microsoft Visual Studio Solution File, Format Version 12.00
# Visual Studio Version 17
VisualStudioVersion = 17.5.33627.172
MinimumVisualStudioVersion = 10.0.40219.1
Project("{9A19103F-16F7-4668-BE54-9A1E7A4F7556}") = "MyMailWinApp", "frmMyMail\MyMailWinApp.csproj", "{CC40E1B1-982F-42D6-A080-B20C67080C0E}"
EndProject
Project("{FAE04EC0-301F-11D3-BF4B-00C04F79EFBC}") = "MyMailLibrary", "MyMailLibrary\MyMailLibrary.csproj", "{0EF0FB0E-0005-4451-84F3-D721E450F600}"
EndProject
Global
	GlobalSection(SolutionConfigurationPlatforms) = preSolution
		Debug|Any CPU = Debug|Any CPU
		Release|Any CPU = Release|Any CPU
	EndGlobalSection
	GlobalSection(ProjectConfigurationPlatforms) = postSolution
		{CC40E1B1-982F-42D6-A080-B20C67080C0E}.Debug|Any CPU.ActiveCfg = Debug|Any CPU
		{CC40E1B1-982F-42D6-A080-B20C67080C0E}.Debug|Any CPU.Build.0 = Debug|Any CPU
		{CC40E1B1-982F-42D6-A080-B20C67080C0E}.Release|Any CPU.ActiveCfg = Release|Any CPU
		{CC40E1B1-982F-42D6-A080-B20C67080C0E}.Release|Any CPU.Build.0 = Release|Any CPU
		{0EF0FB0E-0005-4451-84F3-D721E450F600}.Debug|Any CPU.ActiveCfg = Debug|Any CPU
		{0EF0FB0E-0005-4451-84F3-D721E450F600}.Debug|Any CPU.Build.0 = Debug|Any CPU
		{0EF0FB0E-0005-4451-84F3-D721E450F600}.Release|Any CPU.ActiveCfg = Release|Any CPU
		{0EF0FB0E-0005-4451-84F3-D721E450F600}.Release|Any CPU.Build.0 = Release|Any CPU
	EndGlobalSection
	GlobalSection(SolutionProperties) = preSolution
		HideSolutionNode = FALSE
	EndGlobalSection
	GlobalSection(ExtensibilityGlobals) = postSolution
		SolutionGuid = {5D7CA6C4-582A-469E-8B96-A6D964B29E6B}
	EndGlobalSection
EndGlobal
